
Microsoft Visual Studio Solution File, Format Version 12.00
# Visual Studio Version 16
VisualStudioVersion = 16.0.32228.343
MinimumVisualStudioVersion = 10.0.40219.1
Project("{FAE04EC0-301F-11D3-BF4B-00C04F79EFBC}") = "С1", "С1.csproj", "{2CC443F8-E433-4A47-BAA4-951DCDF578A5}"
EndProject
Global
	GlobalSection(SolutionConfigurationPlatforms) = preSolution
		Debug|Any CPU = Debug|Any CPU
		Release|Any CPU = Release|Any CPU
	EndGlobalSection
	GlobalSection(ProjectConfigurationPlatforms) = postSolution
		{2CC443F8-E433-4A47-BAA4-951DCDF578A5}.Debug|Any CPU.ActiveCfg = Debug|Any CPU
		{2CC443F8-E433-4A47-BAA4-951DCDF578A5}.Debug|Any CPU.Build.0 = Debug|Any CPU
		{2CC443F8-E433-4A47-BAA4-951DCDF578A5}.Release|Any CPU.ActiveCfg = Release|Any CPU
		{2CC443F8-E433-4A47-BAA4-951DCDF578A5}.Release|Any CPU.Build.0 = Release|Any CPU
	EndGlobalSection
	GlobalSection(SolutionProperties) = preSolution
		HideSolutionNode = FALSE
	EndGlobalSection
	GlobalSection(ExtensibilityGlobals) = postSolution
		SolutionGuid = {283B05D3-2EEA-4371-8E7D-C2ACD7D805C7}
	EndGlobalSection
EndGlobal
